
Microsoft Visual Studio Solution File, Format Version 12.00
# Visual Studio Version 17
VisualStudioVersion = 17.11.35208.52
MinimumVisualStudioVersion = 10.0.40219.1
Project("{FAE04EC0-301F-11D3-BF4B-00C04F79EFBC}") = "S9_Polimorfismo", "S9_Polimorfismo\S9_Polimorfismo.csproj", "{1A353BD8-DB7F-493B-9FE3-3AFB59A3FCCD}"
EndProject
Global
	GlobalSection(SolutionConfigurationPlatforms) = preSolution
		Debug|Any CPU = Debug|Any CPU
		Release|Any CPU = Release|Any CPU
	EndGlobalSection
	GlobalSection(ProjectConfigurationPlatforms) = postSolution
		{1A353BD8-DB7F-493B-9FE3-3AFB59A3FCCD}.Debug|Any CPU.ActiveCfg = Debug|Any CPU
		{1A353BD8-DB7F-493B-9FE3-3AFB59A3FCCD}.Debug|Any CPU.Build.0 = Debug|Any CPU
		{1A353BD8-DB7F-493B-9FE3-3AFB59A3FCCD}.Release|Any CPU.ActiveCfg = Release|Any CPU
		{1A353BD8-DB7F-493B-9FE3-3AFB59A3FCCD}.Release|Any CPU.Build.0 = Release|Any CPU
	EndGlobalSection
	GlobalSection(SolutionProperties) = preSolution
		HideSolutionNode = FALSE
	EndGlobalSection
	GlobalSection(ExtensibilityGlobals) = postSolution
		SolutionGuid = {7FDD21D7-E126-4738-A07C-E427A8B058A0}
	EndGlobalSection
EndGlobal
