
Microsoft Visual Studio Solution File, Format Version 12.00
# Visual Studio Version 17
VisualStudioVersion = 17.11.35208.52
MinimumVisualStudioVersion = 10.0.40219.1
Project("{FAE04EC0-301F-11D3-BF4B-00C04F79EFBC}") = "AdmEmpleados", "AdmEmpleados\AdmEmpleados.csproj", "{C1FC9F97-1C6F-45C3-AF78-37B123089786}"
EndProject
Global
	GlobalSection(SolutionConfigurationPlatforms) = preSolution
		Debug|Any CPU = Debug|Any CPU
		Release|Any CPU = Release|Any CPU
	EndGlobalSection
	GlobalSection(ProjectConfigurationPlatforms) = postSolution
		{C1FC9F97-1C6F-45C3-AF78-37B123089786}.Debug|Any CPU.ActiveCfg = Debug|Any CPU
		{C1FC9F97-1C6F-45C3-AF78-37B123089786}.Debug|Any CPU.Build.0 = Debug|Any CPU
		{C1FC9F97-1C6F-45C3-AF78-37B123089786}.Release|Any CPU.ActiveCfg = Release|Any CPU
		{C1FC9F97-1C6F-45C3-AF78-37B123089786}.Release|Any CPU.Build.0 = Release|Any CPU
	EndGlobalSection
	GlobalSection(SolutionProperties) = preSolution
		HideSolutionNode = FALSE
	EndGlobalSection
	GlobalSection(ExtensibilityGlobals) = postSolution
		SolutionGuid = {811F635D-632F-4AB6-A63B-7B66B2133CE4}
	EndGlobalSection
EndGlobal
